// !$*UTF8*$!
{
	archiveVersion = 1;
	classes = {
	};
	objectVersion = 77;
	objects = {

/* Begin PBXBuildFile section */
		EE47A45E2F1B2F2600A42D68 /* Alamofire in Frameworks */ = {isa = PBXBuildFile; productRef = EE47A45D2F1B2F2600A42D68 /* Alamofire */; };
		EE47A4FB2F1B99D200A42D68 /* CachedAsyncImage in Frameworks */ = {isa = PBXBuildFile; productRef = EE47A4FA2F1B99D200A42D68 /* CachedAsyncImage */; };
		EE5054AE2F5561670000F830 /* Core in Frameworks */ = {isa = PBXBuildFile; productRef = EE5054AD2F5561670000F830 /* Core */; };
		EE5055142F556C640000F830 /* Game in Frameworks */ = {isa = PBXBuildFile; productRef = EE5055132F556C640000F830 /* Game */; };
		EEC2D0A82F49709F00788279 /* RealmSwift in Frameworks */ = {isa = PBXBuildFile; productRef = EEC2D0A72F49709F00788279 /* RealmSwift */; };
/* End PBXBuildFile section */

/* Begin PBXContainerItemProxy section */
		EEBFAC8E2F27223100C6E2E9 /* PBXContainerItemProxy */ = {
			isa = PBXContainerItemProxy;
			containerPortal = EEF265BD2F19EA33006AE6B1 /* Project object */;
			proxyType = 1;
			remoteGlobalIDString = EEF265C42F19EA33006AE6B1;
			remoteInfo = FreeGames;
		};
/* End PBXContainerItemProxy section */

/* Begin PBXFileReference section */
		EEBFAC8A2F27223100C6E2E9 /* FreeGamesTests.xctest */ = {isa = PBXFileReference; explicitFileType = wrapper.cfbundle; includeInIndex = 0; path = FreeGamesTests.xctest; sourceTree = BUILT_PRODUCTS_DIR; };
		EEF265C52F19EA33006AE6B1 /* FreeGames.app */ = {isa = PBXFileReference; explicitFileType = wrapper.application; includeInIndex = 0; path = FreeGames.app; sourceTree = BUILT_PRODUCTS_DIR; };
/* End PBXFileReference section */

/* Begin PBXFileSystemSynchronizedBuildFileExceptionSet section */
		EE47A4F62F1B972F00A42D68 /* Exceptions for "FreeGames" folder in "FreeGames" target */ = {
			isa = PBXFileSystemSynchronizedBuildFileExceptionSet;
			membershipExceptions = (
				App/Info.plist,
			);
			target = EEF265C42F19EA33006AE6B1 /* FreeGames */;
		};
/* End PBXFileSystemSynchronizedBuildFileExceptionSet section */

/* Begin PBXFileSystemSynchronizedRootGroup section */
		EEBFAC8B2F27223100C6E2E9 /* FreeGamesTests */ = {
			isa = PBXFileSystemSynchronizedRootGroup;
			path = FreeGamesTests;
			sourceTree = "<group>";
		};
		EEF265C72F19EA33006AE6B1 /* FreeGames */ = {
			isa = PBXFileSystemSynchronizedRootGroup;
			exceptions = (
				EE47A4F62F1B972F00A42D68 /* Exceptions for "FreeGames" folder in "FreeGames" target */,
			);
			path = FreeGames;
			sourceTree = "<group>";
		};
/* End PBXFileSystemSynchronizedRootGroup section */

/* Begin PBXFrameworksBuildPhase section */
		EEBFAC872F27223100C6E2E9 /* Frameworks */ = {
			isa = PBXFrameworksBuildPhase;
			buildActionMask = 2147483647;
			files = (
			);
			runOnlyForDeploymentPostprocessing = 0;
		};
		EEF265C22F19EA33006AE6B1 /* Frameworks */ = {
			isa = PBXFrameworksBuildPhase;
			buildActionMask = 2147483647;
			files = (
				EE5055142F556C640000F830 /* Game in Frameworks */,
				EEC2D0A82F49709F00788279 /* RealmSwift in Frameworks */,
				EE47A45E2F1B2F2600A42D68 /* Alamofire in Frameworks */,
				EE5054AE2F5561670000F830 /* Core in Frameworks */,
				EE47A4FB2F1B99D200A42D68 /* CachedAsyncImage in Frameworks */,
			);
			runOnlyForDeploymentPostprocessing = 0;
		};
/* End PBXFrameworksBuildPhase section */

/* Begin PBXGroup section */
		EEF265BC2F19EA33006AE6B1 = {
			isa = PBXGroup;
			children = (
				EEF265C72F19EA33006AE6B1 /* FreeGames */,
				EEBFAC8B2F27223100C6E2E9 /* FreeGamesTests */,
				EEF265C62F19EA33006AE6B1 /* Products */,
			);
			sourceTree = "<group>";
		};
		EEF265C62F19EA33006AE6B1 /* Products */ = {
			isa = PBXGroup;
			children = (
				EEF265C52F19EA33006AE6B1 /* FreeGames.app */,
				EEBFAC8A2F27223100C6E2E9 /* FreeGamesTests.xctest */,
			);
			name = Products;
			sourceTree = "<group>";
		};
/* End PBXGroup section */

/* Begin PBXNativeTarget section */
		EEBFAC892F27223100C6E2E9 /* FreeGamesTests */ = {
			isa = PBXNativeTarget;
			buildConfigurationList = EEBFAC902F27223100C6E2E9 /* Build configuration list for PBXNativeTarget "FreeGamesTests" */;
			buildPhases = (
				EEBFAC862F27223100C6E2E9 /* Sources */,
				EEBFAC872F27223100C6E2E9 /* Frameworks */,
				EEBFAC882F27223100C6E2E9 /* Resources */,
			);
			buildRules = (
			);
			dependencies = (
				EEBFAC8F2F27223100C6E2E9 /* PBXTargetDependency */,
			);
			fileSystemSynchronizedGroups = (
				EEBFAC8B2F27223100C6E2E9 /* FreeGamesTests */,
			);
			name = FreeGamesTests;
			packageProductDependencies = (
			);
			productName = FreeGamesTests;
			productReference = EEBFAC8A2F27223100C6E2E9 /* FreeGamesTests.xctest */;
			productType = "com.apple.product-type.bundle.unit-test";
		};
		EEF265C42F19EA33006AE6B1 /* FreeGames */ = {
			isa = PBXNativeTarget;
			buildConfigurationList = EEF265D02F19EA36006AE6B1 /* Build configuration list for PBXNativeTarget "FreeGames" */;
			buildPhases = (
				EEF265C12F19EA33006AE6B1 /* Sources */,
				EEF265C22F19EA33006AE6B1 /* Frameworks */,
				EEF265C32F19EA33006AE6B1 /* Resources */,
				EEF265D32F19EB97006AE6B1 /* SwiftLint */,
			);
			buildRules = (
			);
			dependencies = (
			);
			fileSystemSynchronizedGroups = (
				EEF265C72F19EA33006AE6B1 /* FreeGames */,
			);
			name = FreeGames;
			packageProductDependencies = (
				EE47A45D2F1B2F2600A42D68 /* Alamofire */,
				EE47A4FA2F1B99D200A42D68 /* CachedAsyncImage */,
				EEC2D0A72F49709F00788279 /* RealmSwift */,
				EE5054AD2F5561670000F830 /* Core */,
				EE5055132F556C640000F830 /* Game */,
			);
			productName = FreeGames;
			productReference = EEF265C52F19EA33006AE6B1 /* FreeGames.app */;
			productType = "com.apple.product-type.application";
		};
/* End PBXNativeTarget section */

/* Begin PBXProject section */
		EEF265BD2F19EA33006AE6B1 /* Project object */ = {
			isa = PBXProject;
			attributes = {
				BuildIndependentTargetsInParallel = 1;
				LastSwiftUpdateCheck = 2600;
				LastUpgradeCheck = 2600;
				TargetAttributes = {
					EEBFAC892F27223100C6E2E9 = {
						CreatedOnToolsVersion = 26.0.1;
						LastSwiftMigration = 2600;
						TestTargetID = EEF265C42F19EA33006AE6B1;
					};
					EEF265C42F19EA33006AE6B1 = {
						CreatedOnToolsVersion = 26.0.1;
					};
				};
			};
			buildConfigurationList = EEF265C02F19EA33006AE6B1 /* Build configuration list for PBXProject "FreeGames" */;
			developmentRegion = en;
			hasScannedForEncodings = 0;
			knownRegions = (
				en,
				Base,
			);
			mainGroup = EEF265BC2F19EA33006AE6B1;
			minimizedProjectReferenceProxies = 1;
			packageReferences = (
				EE47A45C2F1B2F2600A42D68 /* XCRemoteSwiftPackageReference "Alamofire" */,
				EE47A4F92F1B99D200A42D68 /* XCRemoteSwiftPackageReference "swiftui-cached-async-image" */,
				EEC2D0A62F49709F00788279 /* XCRemoteSwiftPackageReference "realm-swift" */,
				EE5054AC2F5561670000F830 /* XCRemoteSwiftPackageReference "free-games-core-package" */,
				EE5055122F556C640000F830 /* XCRemoteSwiftPackageReference "free-games-game-package" */,
			);
			preferredProjectObjectVersion = 77;
			productRefGroup = EEF265C62F19EA33006AE6B1 /* Products */;
			projectDirPath = "";
			projectRoot = "";
			targets = (
				EEF265C42F19EA33006AE6B1 /* FreeGames */,
				EEBFAC892F27223100C6E2E9 /* FreeGamesTests */,
			);
		};
/* End PBXProject section */

/* Begin PBXResourcesBuildPhase section */
		EEBFAC882F27223100C6E2E9 /* Resources */ = {
			isa = PBXResourcesBuildPhase;
			buildActionMask = 2147483647;
			files = (
			);
			runOnlyForDeploymentPostprocessing = 0;
		};
		EEF265C32F19EA33006AE6B1 /* Resources */ = {
			isa = PBXResourcesBuildPhase;
			buildActionMask = 2147483647;
			files = (
			);
			runOnlyForDeploymentPostprocessing = 0;
		};
/* End PBXResourcesBuildPhase section */

/* Begin PBXShellScriptBuildPhase section */
		EEF265D32F19EB97006AE6B1 /* SwiftLint */ = {
			isa = PBXShellScriptBuildPhase;
			alwaysOutOfDate = 1;
			buildActionMask = 2147483647;
			files = (
			);
			inputFileListPaths = (
			);
			inputPaths = (
			);
			name = SwiftLint;
			outputFileListPaths = (
			);
			outputPaths = (
			);
			runOnlyForDeploymentPostprocessing = 0;
			shellPath = /bin/sh;
			shellScript = "# Type a script or drag a script file from your workspace to insert its path.\nif [[ \"$(uname -m)\" == arm64 ]]; then\n    export PATH=\"/opt/homebrew/bin:$PATH\"\nfi\n \nif which swiftlint > /dev/null; then\n  swiftlint\nelse\n  echo \"warning: SwiftLint not installed, download from https://github.com/realm/SwiftLint\"\nfi\n";
		};
/* End PBXShellScriptBuildPhase section */

/* Begin PBXSourcesBuildPhase section */
		EEBFAC862F27223100C6E2E9 /* Sources */ = {
			isa = PBXSourcesBuildPhase;
			buildActionMask = 2147483647;
			files = (
			);
			runOnlyForDeploymentPostprocessing = 0;
		};
		EEF265C12F19EA33006AE6B1 /* Sources */ = {
			isa = PBXSourcesBuildPhase;
			buildActionMask = 2147483647;
			files = (
			);
			runOnlyForDeploymentPostprocessing = 0;
		};
/* End PBXSourcesBuildPhase section */

/* Begin PBXTargetDependency section */
		EEBFAC8F2F27223100C6E2E9 /* PBXTargetDependency */ = {
			isa = PBXTargetDependency;
			target = EEF265C42F19EA33006AE6B1 /* FreeGames */;
			targetProxy = EEBFAC8E2F27223100C6E2E9 /* PBXContainerItemProxy */;
		};
/* End PBXTargetDependency section */

/* Begin XCBuildConfiguration section */
		EEBFAC912F27223100C6E2E9 /* Debug */ = {
			isa = XCBuildConfiguration;
			buildSettings = {
				BUNDLE_LOADER = "$(TEST_HOST)";
				CLANG_ENABLE_MODULES = YES;
				CODE_SIGN_STYLE = Automatic;
				CURRENT_PROJECT_VERSION = 1;
				DEVELOPMENT_TEAM = 3S62MRAGU6;
				GENERATE_INFOPLIST_FILE = YES;
				MARKETING_VERSION = 1.0;
				PRODUCT_BUNDLE_IDENTIFIER = com.alifrachmawan.FreeGamesTests;
				PRODUCT_NAME = "$(TARGET_NAME)";
				STRING_CATALOG_GENERATE_SYMBOLS = NO;
				SWIFT_APPROACHABLE_CONCURRENCY = YES;
				SWIFT_EMIT_LOC_STRINGS = NO;
				SWIFT_OPTIMIZATION_LEVEL = "-Onone";
				SWIFT_UPCOMING_FEATURE_MEMBER_IMPORT_VISIBILITY = YES;
				SWIFT_VERSION = 5.0;
				TARGETED_DEVICE_FAMILY = "1,2";
				TEST_HOST = "$(BUILT_PRODUCTS_DIR)/FreeGames.app/$(BUNDLE_EXECUTABLE_FOLDER_PATH)/FreeGames";
			};
			name = Debug;
		};
		EEBFAC922F27223100C6E2E9 /* Release */ = {
			isa = XCBuildConfiguration;
			buildSettings = {
				BUNDLE_LOADER = "$(TEST_HOST)";
				CLANG_ENABLE_MODULES = YES;
				CODE_SIGN_STYLE = Automatic;
				CURRENT_PROJECT_VERSION = 1;
				DEVELOPMENT_TEAM = 3S62MRAGU6;
				GENERATE_INFOPLIST_FILE = YES;
				MARKETING_VERSION = 1.0;
				PRODUCT_BUNDLE_IDENTIFIER = com.alifrachmawan.FreeGamesTests;
				PRODUCT_NAME = "$(TARGET_NAME)";
				STRING_CATALOG_GENERATE_SYMBOLS = NO;
				SWIFT_APPROACHABLE_CONCURRENCY = YES;
				SWIFT_EMIT_LOC_STRINGS = NO;
				SWIFT_UPCOMING_FEATURE_MEMBER_IMPORT_VISIBILITY = YES;
				SWIFT_VERSION = 5.0;
				TARGETED_DEVICE_FAMILY = "1,2";
				TEST_HOST = "$(BUILT_PRODUCTS_DIR)/FreeGames.app/$(BUNDLE_EXECUTABLE_FOLDER_PATH)/FreeGames";
			};
			name = Release;
		};
		EEF265CE2F19EA36006AE6B1 /* Debug */ = {
			isa = XCBuildConfiguration;
			buildSettings = {
				ALWAYS_SEARCH_USER_PATHS = NO;
				ASSETCATALOG_COMPILER_GENERATE_SWIFT_ASSET_SYMBOL_EXTENSIONS = YES;
				CLANG_ANALYZER_NONNULL = YES;
				CLANG_ANALYZER_NUMBER_OBJECT_CONVERSION = YES_AGGRESSIVE;
				CLANG_CXX_LANGUAGE_STANDARD = "gnu++20";
				CLANG_ENABLE_MODULES = YES;
				CLANG_ENABLE_OBJC_ARC = YES;
				CLANG_ENABLE_OBJC_WEAK = YES;
				CLANG_WARN_BLOCK_CAPTURE_AUTORELEASING = YES;
				CLANG_WARN_BOOL_CONVERSION = YES;
				CLANG_WARN_COMMA = YES;
				CLANG_WARN_CONSTANT_CONVERSION = YES;
				CLANG_WARN_DEPRECATED_OBJC_IMPLEMENTATIONS = YES;
				CLANG_WARN_DIRECT_OBJC_ISA_USAGE = YES_ERROR;
				CLANG_WARN_DOCUMENTATION_COMMENTS = YES;
				CLANG_WARN_EMPTY_BODY = YES;
				CLANG_WARN_ENUM_CONVERSION = YES;
				CLANG_WARN_INFINITE_RECURSION = YES;
				CLANG_WARN_INT_CONVERSION = YES;
				CLANG_WARN_NON_LITERAL_NULL_CONVERSION = YES;
				CLANG_WARN_OBJC_IMPLICIT_RETAIN_SELF = YES;
				CLANG_WARN_OBJC_LITERAL_CONVERSION = YES;
				CLANG_WARN_OBJC_ROOT_CLASS = YES_ERROR;
				CLANG_WARN_QUOTED_INCLUDE_IN_FRAMEWORK_HEADER = YES;
				CLANG_WARN_RANGE_LOOP_ANALYSIS = YES;
				CLANG_WARN_STRICT_PROTOTYPES = YES;
				CLANG_WARN_SUSPICIOUS_MOVE = YES;
				CLANG_WARN_UNGUARDED_AVAILABILITY = YES_AGGRESSIVE;
				CLANG_WARN_UNREACHABLE_CODE = YES;
				CLANG_WARN__DUPLICATE_METHOD_MATCH = YES;
				COPY_PHASE_STRIP = NO;
				DEBUG_INFORMATION_FORMAT = dwarf;
				DEVELOPMENT_TEAM = 3S62MRAGU6;
				ENABLE_STRICT_OBJC_MSGSEND = YES;
				ENABLE_TESTABILITY = YES;
				ENABLE_USER_SCRIPT_SANDBOXING = YES;
				GCC_C_LANGUAGE_STANDARD = gnu17;
				GCC_DYNAMIC_NO_PIC = NO;
				GCC_NO_COMMON_BLOCKS = YES;
				GCC_OPTIMIZATION_LEVEL = 0;
				GCC_PREPROCESSOR_DEFINITIONS = (
					"DEBUG=1",
					"$(inherited)",
				);
				GCC_WARN_64_TO_32_BIT_CONVERSION = YES;
				GCC_WARN_ABOUT_RETURN_TYPE = YES_ERROR;
				GCC_WARN_UNDECLARED_SELECTOR = YES;
				GCC_WARN_UNINITIALIZED_AUTOS = YES_AGGRESSIVE;
				GCC_WARN_UNUSED_FUNCTION = YES;
				GCC_WARN_UNUSED_VARIABLE = YES;
				IPHONEOS_DEPLOYMENT_TARGET = 26.0;
				LOCALIZATION_PREFERS_STRING_CATALOGS = YES;
				MTL_ENABLE_DEBUG_INFO = INCLUDE_SOURCE;
				MTL_FAST_MATH = YES;
				ONLY_ACTIVE_ARCH = YES;
				SDKROOT = iphoneos;
				SWIFT_ACTIVE_COMPILATION_CONDITIONS = "DEBUG $(inherited)";
				SWIFT_OPTIMIZATION_LEVEL = "-Onone";
			};
			name = Debug;
		};
		EEF265CF2F19EA36006AE6B1 /* Release */ = {
			isa = XCBuildConfiguration;
			buildSettings = {
				ALWAYS_SEARCH_USER_PATHS = NO;
				ASSETCATALOG_COMPILER_GENERATE_SWIFT_ASSET_SYMBOL_EXTENSIONS = YES;
				CLANG_ANALYZER_NONNULL = YES;
				CLANG_ANALYZER_NUMBER_OBJECT_CONVERSION = YES_AGGRESSIVE;
				CLANG_CXX_LANGUAGE_STANDARD = "gnu++20";
				CLANG_ENABLE_MODULES = YES;
				CLANG_ENABLE_OBJC_ARC = YES;
				CLANG_ENABLE_OBJC_WEAK = YES;
				CLANG_WARN_BLOCK_CAPTURE_AUTORELEASING = YES;
				CLANG_WARN_BOOL_CONVERSION = YES;
				CLANG_WARN_COMMA = YES;
				CLANG_WARN_CONSTANT_CONVERSION = YES;
				CLANG_WARN_DEPRECATED_OBJC_IMPLEMENTATIONS = YES;
				CLANG_WARN_DIRECT_OBJC_ISA_USAGE = YES_ERROR;
				CLANG_WARN_DOCUMENTATION_COMMENTS = YES;
				CLANG_WARN_EMPTY_BODY = YES;
				CLANG_WARN_ENUM_CONVERSION = YES;
				CLANG_WARN_INFINITE_RECURSION = YES;
				CLANG_WARN_INT_CONVERSION = YES;
				CLANG_WARN_NON_LITERAL_NULL_CONVERSION = YES;
				CLANG_WARN_OBJC_IMPLICIT_RETAIN_SELF = YES;
				CLANG_WARN_OBJC_LITERAL_CONVERSION = YES;
				CLANG_WARN_OBJC_ROOT_CLASS = YES_ERROR;
				CLANG_WARN_QUOTED_INCLUDE_IN_FRAMEWORK_HEADER = YES;
				CLANG_WARN_RANGE_LOOP_ANALYSIS = YES;
				CLANG_WARN_STRICT_PROTOTYPES = YES;
				CLANG_WARN_SUSPICIOUS_MOVE = YES;
				CLANG_WARN_UNGUARDED_AVAILABILITY = YES_AGGRESSIVE;
				CLANG_WARN_UNREACHABLE_CODE = YES;
				CLANG_WARN__DUPLICATE_METHOD_MATCH = YES;
				COPY_PHASE_STRIP = NO;
				DEBUG_INFORMATION_FORMAT = "dwarf-with-dsym";
				DEVELOPMENT_TEAM = 3S62MRAGU6;
				ENABLE_NS_ASSERTIONS = NO;
				ENABLE_STRICT_OBJC_MSGSEND = YES;
				ENABLE_USER_SCRIPT_SANDBOXING = YES;
				GCC_C_LANGUAGE_STANDARD = gnu17;
				GCC_NO_COMMON_BLOCKS = YES;
				GCC_WARN_64_TO_32_BIT_CONVERSION = YES;
				GCC_WARN_ABOUT_RETURN_TYPE = YES_ERROR;
				GCC_WARN_UNDECLARED_SELECTOR = YES;
				GCC_WARN_UNINITIALIZED_AUTOS = YES_AGGRESSIVE;
				GCC_WARN_UNUSED_FUNCTION = YES;
				GCC_WARN_UNUSED_VARIABLE = YES;
				IPHONEOS_DEPLOYMENT_TARGET = 26.0;
				LOCALIZATION_PREFERS_STRING_CATALOGS = YES;
				MTL_ENABLE_DEBUG_INFO = NO;
				MTL_FAST_MATH = YES;
				SDKROOT = iphoneos;
				SWIFT_COMPILATION_MODE = wholemodule;
				VALIDATE_PRODUCT = YES;
			};
			name = Release;
		};
		EEF265D12F19EA36006AE6B1 /* Debug */ = {
			isa = XCBuildConfiguration;
			buildSettings = {
				ASSETCATALOG_COMPILER_APPICON_NAME = AppIcon;
				ASSETCATALOG_COMPILER_GLOBAL_ACCENT_COLOR_NAME = AccentColor;
				CODE_SIGN_STYLE = Automatic;
				CURRENT_PROJECT_VERSION = 1;
				DEVELOPMENT_TEAM = 3S62MRAGU6;
				ENABLE_PREVIEWS = YES;
				ENABLE_USER_SCRIPT_SANDBOXING = NO;
				GENERATE_INFOPLIST_FILE = YES;
				INFOPLIST_FILE = FreeGames/App/Info.plist;
				INFOPLIST_KEY_UIApplicationSceneManifest_Generation = YES;
				INFOPLIST_KEY_UIApplicationSupportsIndirectInputEvents = YES;
				INFOPLIST_KEY_UILaunchScreen_Generation = YES;
				INFOPLIST_KEY_UISupportedInterfaceOrientations_iPad = "UIInterfaceOrientationPortrait UIInterfaceOrientationPortraitUpsideDown UIInterfaceOrientationLandscapeLeft UIInterfaceOrientationLandscapeRight";
				INFOPLIST_KEY_UISupportedInterfaceOrientations_iPhone = "UIInterfaceOrientationPortrait UIInterfaceOrientationLandscapeLeft UIInterfaceOrientationLandscapeRight";
				IPHONEOS_DEPLOYMENT_TARGET = 16.6;
				LD_RUNPATH_SEARCH_PATHS = (
					"$(inherited)",
					"@executable_path/Frameworks",
				);
				MARKETING_VERSION = 1.0;
				PRODUCT_BUNDLE_IDENTIFIER = com.alifrachmawan.FreeGames;
				PRODUCT_NAME = "$(TARGET_NAME)";
				STRING_CATALOG_GENERATE_SYMBOLS = YES;
				SWIFT_APPROACHABLE_CONCURRENCY = YES;
				SWIFT_DEFAULT_ACTOR_ISOLATION = MainActor;
				SWIFT_EMIT_LOC_STRINGS = YES;
				SWIFT_UPCOMING_FEATURE_MEMBER_IMPORT_VISIBILITY = YES;
				SWIFT_VERSION = 5.0;
				TARGETED_DEVICE_FAMILY = "1,2";
			};
			name = Debug;
		};
		EEF265D22F19EA36006AE6B1 /* Release */ = {
			isa = XCBuildConfiguration;
			buildSettings = {
				ASSETCATALOG_COMPILER_APPICON_NAME = AppIcon;
				ASSETCATALOG_COMPILER_GLOBAL_ACCENT_COLOR_NAME = AccentColor;
				CODE_SIGN_STYLE = Automatic;
				CURRENT_PROJECT_VERSION = 1;
				DEVELOPMENT_TEAM = 3S62MRAGU6;
				ENABLE_PREVIEWS = YES;
				ENABLE_USER_SCRIPT_SANDBOXING = NO;
				GENERATE_INFOPLIST_FILE = YES;
				INFOPLIST_FILE = FreeGames/App/Info.plist;
				INFOPLIST_KEY_UIApplicationSceneManifest_Generation = YES;
				INFOPLIST_KEY_UIApplicationSupportsIndirectInputEvents = YES;
				INFOPLIST_KEY_UILaunchScreen_Generation = YES;
				INFOPLIST_KEY_UISupportedInterfaceOrientations_iPad = "UIInterfaceOrientationPortrait UIInterfaceOrientationPortraitUpsideDown UIInterfaceOrientationLandscapeLeft UIInterfaceOrientationLandscapeRight";
				INFOPLIST_KEY_UISupportedInterfaceOrientations_iPhone = "UIInterfaceOrientationPortrait UIInterfaceOrientationLandscapeLeft UIInterfaceOrientationLandscapeRight";
				IPHONEOS_DEPLOYMENT_TARGET = 16.6;
				LD_RUNPATH_SEARCH_PATHS = (
					"$(inherited)",
					"@executable_path/Frameworks",
				);
				MARKETING_VERSION = 1.0;
				PRODUCT_BUNDLE_IDENTIFIER = com.alifrachmawan.FreeGames;
				PRODUCT_NAME = "$(TARGET_NAME)";
				STRING_CATALOG_GENERATE_SYMBOLS = YES;
				SWIFT_APPROACHABLE_CONCURRENCY = YES;
				SWIFT_DEFAULT_ACTOR_ISOLATION = MainActor;
				SWIFT_EMIT_LOC_STRINGS = YES;
				SWIFT_UPCOMING_FEATURE_MEMBER_IMPORT_VISIBILITY = YES;
				SWIFT_VERSION = 5.0;
				TARGETED_DEVICE_FAMILY = "1,2";
			};
			name = Release;
		};
/* End XCBuildConfiguration section */

/* Begin XCConfigurationList section */
		EEBFAC902F27223100C6E2E9 /* Build configuration list for PBXNativeTarget "FreeGamesTests" */ = {
			isa = XCConfigurationList;
			buildConfigurations = (
				EEBFAC912F27223100C6E2E9 /* Debug */,
				EEBFAC922F27223100C6E2E9 /* Release */,
			);
			defaultConfigurationIsVisible = 0;
			defaultConfigurationName = Release;
		};
		EEF265C02F19EA33006AE6B1 /* Build configuration list for PBXProject "FreeGames" */ = {
			isa = XCConfigurationList;
			buildConfigurations = (
				EEF265CE2F19EA36006AE6B1 /* Debug */,
				EEF265CF2F19EA36006AE6B1 /* Release */,
			);
			defaultConfigurationIsVisible = 0;
			defaultConfigurationName = Release;
		};
		EEF265D02F19EA36006AE6B1 /* Build configuration list for PBXNativeTarget "FreeGames" */ = {
			isa = XCConfigurationList;
			buildConfigurations = (
				EEF265D12F19EA36006AE6B1 /* Debug */,
				EEF265D22F19EA36006AE6B1 /* Release */,
			);
			defaultConfigurationIsVisible = 0;
			defaultConfigurationName = Release;
		};
/* End XCConfigurationList section */

/* Begin XCRemoteSwiftPackageReference section */
		EE47A45C2F1B2F2600A42D68 /* XCRemoteSwiftPackageReference "Alamofire" */ = {
			isa = XCRemoteSwiftPackageReference;
			repositoryURL = "https://github.com/Alamofire/Alamofire.git";
			requirement = {
				kind = upToNextMajorVersion;
				minimumVersion = 5.11.0;
			};
		};
		EE47A4F92F1B99D200A42D68 /* XCRemoteSwiftPackageReference "swiftui-cached-async-image" */ = {
			isa = XCRemoteSwiftPackageReference;
			repositoryURL = "https://github.com/lorenzofiamingo/swiftui-cached-async-image";
			requirement = {
				kind = upToNextMajorVersion;
				minimumVersion = 2.1.1;
			};
		};
		EE5054AC2F5561670000F830 /* XCRemoteSwiftPackageReference "free-games-core-package" */ = {
			isa = XCRemoteSwiftPackageReference;
			repositoryURL = "https://github.com/alfrch/free-games-core-package";
			requirement = {
				kind = upToNextMajorVersion;
				minimumVersion = 1.0.2;
			};
		};
		EE5055122F556C640000F830 /* XCRemoteSwiftPackageReference "free-games-game-package" */ = {
			isa = XCRemoteSwiftPackageReference;
			repositoryURL = "https://github.com/alfrch/free-games-game-package.git";
			requirement = {
				kind = upToNextMajorVersion;
				minimumVersion = 1.0.11;
			};
		};
		EEC2D0A62F49709F00788279 /* XCRemoteSwiftPackageReference "realm-swift" */ = {
			isa = XCRemoteSwiftPackageReference;
			repositoryURL = "https://github.com/realm/realm-swift";
			requirement = {
				branch = master;
				kind = branch;
			};
		};
/* End XCRemoteSwiftPackageReference section */

/* Begin XCSwiftPackageProductDependency section */
		EE47A45D2F1B2F2600A42D68 /* Alamofire */ = {
			isa = XCSwiftPackageProductDependency;
			package = EE47A45C2F1B2F2600A42D68 /* XCRemoteSwiftPackageReference "Alamofire" */;
			productName = Alamofire;
		};
		EE47A4FA2F1B99D200A42D68 /* CachedAsyncImage */ = {
			isa = XCSwiftPackageProductDependency;
			package = EE47A4F92F1B99D200A42D68 /* XCRemoteSwiftPackageReference "swiftui-cached-async-image" */;
			productName = CachedAsyncImage;
		};
		EE5054AD2F5561670000F830 /* Core */ = {
			isa = XCSwiftPackageProductDependency;
			package = EE5054AC2F5561670000F830 /* XCRemoteSwiftPackageReference "free-games-core-package" */;
			productName = Core;
		};
		EE5055132F556C640000F830 /* Game */ = {
			isa = XCSwiftPackageProductDependency;
			package = EE5055122F556C640000F830 /* XCRemoteSwiftPackageReference "free-games-game-package" */;
			productName = Game;
		};
		EEC2D0A72F49709F00788279 /* RealmSwift */ = {
			isa = XCSwiftPackageProductDependency;
			package = EEC2D0A62F49709F00788279 /* XCRemoteSwiftPackageReference "realm-swift" */;
			productName = RealmSwift;
		};
/* End XCSwiftPackageProductDependency section */
	};
	rootObject = EEF265BD2F19EA33006AE6B1 /* Project object */;
}
