{
  "originHash" : "8d626743de19d148b2b2f6a1c42d7b514361985898b9bc8270df3d20a624c990",
  "pins" : [
    {
      "identity" : "alamofire",
      "kind" : "remoteSourceControl",
      "location" : "https://github.com/Alamofire/Alamofire.git",
      "state" : {
        "revision" : "7be73f6c2b5cd90e40798b06ebd5da8f9f79cf88",
        "version" : "5.11.0"
      }
    },
    {
      "identity" : "free-games-core-package",
      "kind" : "remoteSourceControl",
      "location" : "https://github.com/alfrch/free-games-core-package.git",
      "state" : {
        "revision" : "bc123129c55e2f3665fd50eaa7586646fa733054",
        "version" : "1.0.2"
      }
    },
    {
      "identity" : "free-games-game-package",
      "kind" : "remoteSourceControl",
      "location" : "https://github.com/alfrch/free-games-game-package.git",
      "state" : {
        "revision" : "5be9dc1cc3bbbb33b43c5913d0cb1ccb1d817435",
        "version" : "1.0.13"
      }
    },
    {
      "identity" : "realm-core",
      "kind" : "remoteSourceControl",
      "location" : "https://github.com/realm/realm-core.git",
      "state" : {
        "revision" : "cccb3ca9e26ec452a29f2f0d4050d1e38b8a3d43",
        "version" : "14.14.0"
      }
    },
    {
      "identity" : "realm-swift",
      "kind" : "remoteSourceControl",
      "location" : "https://github.com/realm/realm-swift",
      "state" : {
        "branch" : "master",
        "revision" : "c22f9303d446fc3c044e4c151ed19597464b6bd7"
      }
    },
    {
      "identity" : "swiftui-cached-async-image",
      "kind" : "remoteSourceControl",
      "location" : "https://github.com/lorenzofiamingo/swiftui-cached-async-image",
      "state" : {
        "revision" : "467a3d17479887943ab917a379e62bbaff60ac8a",
        "version" : "2.1.1"
      }
    }
  ],
  "version" : 3
}
